#MicroXplorer Configuration settings - do not modify
File.Version=5
KeepUserPlacement=false
Mcu.Family=STM32F1
Mcu.IP0=NVIC
Mcu.IP1=RCC
Mcu.IP2=SYS
Mcu.IPNb=3
Mcu.Name=STM32F103Z(C-D-E)Hx
Mcu.Package=LFBGA144
Mcu.Pin0=PB4
Mcu.Pin1=PB3
Mcu.Pin2=PA15
Mcu.Pin3=PA14
Mcu.Pin4=PA13
Mcu.Pin5=OSC_IN
Mcu.Pin6=OSC_OUT
Mcu.Pin7=PA0-WKUP
Mcu.Pin8=PB0
Mcu.PinsNb=9
Mcu.UserConstants=
Mcu.UserName=STM32F103ZEHx
MxCube.Version=4.12.0
MxDb.Version=DB.4.0.120
NVIC.EXTI0_IRQn=true\:1\:0\:true
NVIC.PriorityGroup=NVIC_PRIORITYGROUP_4
NVIC.SysTick_IRQn=true\:0\:0\:false
OSC_IN.Mode=HSE-External-Oscillator
OSC_IN.Signal=RCC_OSC_IN
OSC_OUT.Mode=HSE-External-Oscillator
OSC_OUT.Signal=RCC_OSC_OUT
PA0-WKUP.GPIOParameters=GPIO_PuPd,GPIO_Label,GPIO_ModeDefaultEXTI
PA0-WKUP.GPIO_Label=Key
PA0-WKUP.GPIO_ModeDefaultEXTI=GPIO_MODE_IT_FALLING
PA0-WKUP.GPIO_PuPd=GPIO_PULLUP
PA0-WKUP.Locked=true
PA0-WKUP.Signal=GPXTI0
PA13.Mode=JTAG_5_pin
PA13.Signal=SYS_JTMS-SWDIO
PA14.Mode=JTAG_5_pin
PA14.Signal=SYS_JTCK-SWCLK
PA15.Mode=JTAG_5_pin
PA15.Signal=SYS_JTDI
PB0.GPIOParameters=GPIO_Label
PB0.GPIO_Label=LED
PB0.Locked=true
PB0.Signal=GPIO_Output
PB3.Mode=JTAG_5_pin
PB3.Signal=SYS_JTDO-TRACESWO
PB4.Mode=JTAG_5_pin
PB4.Signal=SYS_NJTRST
PCC.Checker=false
PCC.Line=STM32F103
PCC.MCU=STM32F103Z(C-D-E)Hx
PCC.MXVersion=4.12.0
PCC.PartNumber=STM32F103ZEHx
PCC.Seq0=0
PCC.Series=STM32F1
PCC.Temperature=25
PCC.Vdd=3.3
ProjectManager.AskForMigrate=true
ProjectManager.BackupPrevious=false
ProjectManager.CompilerOptimize=2
ProjectManager.ComputerToolchain=false
ProjectManager.CoupleFile=false
ProjectManager.DeletePrevious=true
ProjectManager.DeviceId=STM32F103ZEHx
ProjectManager.FirmwarePackage=STM32Cube FW_F1 V1.3.1
ProjectManager.FreePins=false
ProjectManager.HalAssertFull=false
ProjectManager.KeepUserCode=true
ProjectManager.LastFirmware=true
ProjectManager.LibraryCopy=0
ProjectManager.ProjectBuild=false
ProjectManager.ProjectFileName=Interrupt_Key.ioc
ProjectManager.ProjectName=Interrupt_Key
ProjectManager.TargetToolchain=MDK-ARM V5
ProjectManager.ToolChainLocation=
RCC.APB1Freq_Value=8000000
RCC.APB2Freq_Value=8000000
RCC.FamilyName=M
RCC.IPParameters=FamilyName,PLLCLKFreq_Value,PLLMCOFreq_Value,TimSysFreq_Value,APB1Freq_Value,APB2Freq_Value
RCC.PLLCLKFreq_Value=8000000
RCC.PLLMCOFreq_Value=4000000
RCC.TimSysFreq_Value=8000000
SH.GPXTI0.0=GPIO_EXTI0
SH.GPXTI0.ConfNb=1
board=Interrupt_Key
